// !$*UTF8*$!
{
	archiveVersion = 1;
	classes = {
	};
	objectVersion = 56;
	objects = {

/* Begin PBXBuildFile section */
		1F1581F82C9F489000C3AEE7 /* ClassicCard.swift in Sources */ = {isa = PBXBuildFile; fileRef = 1F1581F72C9F489000C3AEE7 /* ClassicCard.swift */; };
		1F3526752C86FA7200EF0A1D /* CardsView.swift in Sources */ = {isa = PBXBuildFile; fileRef = 1F3526742C86FA7200EF0A1D /* CardsView.swift */; };
		1F4CB66A2C7BCB05005BD10C /* LilithApp.swift in Sources */ = {isa = PBXBuildFile; fileRef = 1F4CB6692C7BCB05005BD10C /* LilithApp.swift */; };
		1F4CB66E2C7BCB07005BD10C /* Assets.xcassets in Resources */ = {isa = PBXBuildFile; fileRef = 1F4CB66D2C7BCB07005BD10C /* Assets.xcassets */; };
		1F4CB6712C7BCB07005BD10C /* Preview Assets.xcassets in Resources */ = {isa = PBXBuildFile; fileRef = 1F4CB6702C7BCB07005BD10C /* Preview Assets.xcassets */; };
		1F73F4AB2C9449BF00F67913 /* CardsCustomList.swift in Sources */ = {isa = PBXBuildFile; fileRef = 1F73F4AA2C9449BF00F67913 /* CardsCustomList.swift */; };
		1F73F4B22C9473CD00F67913 /* SegmentedView.swift in Sources */ = {isa = PBXBuildFile; fileRef = 1F73F4B12C9473CD00F67913 /* SegmentedView.swift */; };
		1F73F4B42C94742100F67913 /* TitleView.swift in Sources */ = {isa = PBXBuildFile; fileRef = 1F73F4B32C94742100F67913 /* TitleView.swift */; };
		1F73F4B62C94747900F67913 /* SearchView.swift in Sources */ = {isa = PBXBuildFile; fileRef = 1F73F4B52C94747900F67913 /* SearchView.swift */; };
		1F7F68B12C934A4E0092FEB4 /* CardsViewModel.swift in Sources */ = {isa = PBXBuildFile; fileRef = 1F7F68B02C934A4E0092FEB4 /* CardsViewModel.swift */; };
		1FA003A12C7E9C1E004726FC /* Card.swift in Sources */ = {isa = PBXBuildFile; fileRef = 1FA003A02C7E9C1E004726FC /* Card.swift */; };
		1FC6FE432C866CFC008345F3 /* Extension + Color.swift in Sources */ = {isa = PBXBuildFile; fileRef = 1FC6FE422C866CFC008345F3 /* Extension + Color.swift */; };
		1FC974B22C8A09CE0089FC39 /* ZodiacView.swift in Sources */ = {isa = PBXBuildFile; fileRef = 1FC974B12C8A09CE0089FC39 /* ZodiacView.swift */; };
		1FD926592C87BB96000E0AB4 /* ElementView.swift in Sources */ = {isa = PBXBuildFile; fileRef = 1FD926582C87BB96000E0AB4 /* ElementView.swift */; };
		1FE5EA982C988C87006197F8 /* CardCellViewModel.swift in Sources */ = {isa = PBXBuildFile; fileRef = 1FE5EA972C988C87006197F8 /* CardCellViewModel.swift */; };
		1FFA6E4F2C8459E900041E92 /* CardCellView.swift in Sources */ = {isa = PBXBuildFile; fileRef = 1FFA6E4E2C8459E900041E92 /* CardCellView.swift */; };
/* End PBXBuildFile section */

/* Begin PBXFileReference section */
		1F1581F72C9F489000C3AEE7 /* ClassicCard.swift */ = {isa = PBXFileReference; lastKnownFileType = sourcecode.swift; path = ClassicCard.swift; sourceTree = "<group>"; };
		1F3526742C86FA7200EF0A1D /* CardsView.swift */ = {isa = PBXFileReference; lastKnownFileType = sourcecode.swift; path = CardsView.swift; sourceTree = "<group>"; };
		1F4CB6662C7BCB05005BD10C /* Lilith.app */ = {isa = PBXFileReference; explicitFileType = wrapper.application; includeInIndex = 0; path = Lilith.app; sourceTree = BUILT_PRODUCTS_DIR; };
		1F4CB6692C7BCB05005BD10C /* LilithApp.swift */ = {isa = PBXFileReference; lastKnownFileType = sourcecode.swift; path = LilithApp.swift; sourceTree = "<group>"; };
		1F4CB66D2C7BCB07005BD10C /* Assets.xcassets */ = {isa = PBXFileReference; lastKnownFileType = folder.assetcatalog; path = Assets.xcassets; sourceTree = "<group>"; };
		1F4CB6702C7BCB07005BD10C /* Preview Assets.xcassets */ = {isa = PBXFileReference; lastKnownFileType = folder.assetcatalog; path = "Preview Assets.xcassets"; sourceTree = "<group>"; };
		1F73F4AA2C9449BF00F67913 /* CardsCustomList.swift */ = {isa = PBXFileReference; lastKnownFileType = sourcecode.swift; path = CardsCustomList.swift; sourceTree = "<group>"; };
		1F73F4B12C9473CD00F67913 /* SegmentedView.swift */ = {isa = PBXFileReference; lastKnownFileType = sourcecode.swift; path = SegmentedView.swift; sourceTree = "<group>"; };
		1F73F4B32C94742100F67913 /* TitleView.swift */ = {isa = PBXFileReference; lastKnownFileType = sourcecode.swift; path = TitleView.swift; sourceTree = "<group>"; };
		1F73F4B52C94747900F67913 /* SearchView.swift */ = {isa = PBXFileReference; lastKnownFileType = sourcecode.swift; path = SearchView.swift; sourceTree = "<group>"; };
		1F7F68B02C934A4E0092FEB4 /* CardsViewModel.swift */ = {isa = PBXFileReference; lastKnownFileType = sourcecode.swift; path = CardsViewModel.swift; sourceTree = "<group>"; };
		1FA003A02C7E9C1E004726FC /* Card.swift */ = {isa = PBXFileReference; fileEncoding = 4; lastKnownFileType = sourcecode.swift; path = Card.swift; sourceTree = "<group>"; };
		1FC6FE422C866CFC008345F3 /* Extension + Color.swift */ = {isa = PBXFileReference; lastKnownFileType = sourcecode.swift; path = "Extension + Color.swift"; sourceTree = "<group>"; };
		1FC974B12C8A09CE0089FC39 /* ZodiacView.swift */ = {isa = PBXFileReference; lastKnownFileType = sourcecode.swift; path = ZodiacView.swift; sourceTree = "<group>"; };
		1FD926582C87BB96000E0AB4 /* ElementView.swift */ = {isa = PBXFileReference; lastKnownFileType = sourcecode.swift; path = ElementView.swift; sourceTree = "<group>"; };
		1FE5EA972C988C87006197F8 /* CardCellViewModel.swift */ = {isa = PBXFileReference; lastKnownFileType = sourcecode.swift; path = CardCellViewModel.swift; sourceTree = "<group>"; };
		1FFA6E4E2C8459E900041E92 /* CardCellView.swift */ = {isa = PBXFileReference; lastKnownFileType = sourcecode.swift; path = CardCellView.swift; sourceTree = "<group>"; tabWidth = 4; };
/* End PBXFileReference section */

/* Begin PBXFrameworksBuildPhase section */
		1F4CB6632C7BCB05005BD10C /* Frameworks */ = {
			isa = PBXFrameworksBuildPhase;
			buildActionMask = 2147483647;
			files = (
			);
			runOnlyForDeploymentPostprocessing = 0;
		};
/* End PBXFrameworksBuildPhase section */

/* Begin PBXGroup section */
		1F2972E62C8AF878007FAD82 /* Views */ = {
			isa = PBXGroup;
			children = (
				1F73F4AE2C94708300F67913 /* Service Views */,
				1F73F4AC2C94701900F67913 /* CardScroll */,
			);
			path = Views;
			sourceTree = "<group>";
		};
		1F2972E72C8AFE05007FAD82 /* Models */ = {
			isa = PBXGroup;
			children = (
				1FA003A02C7E9C1E004726FC /* Card.swift */,
				1F1581F72C9F489000C3AEE7 /* ClassicCard.swift */,
			);
			path = Models;
			sourceTree = "<group>";
		};
		1F2972E82C8AFE25007FAD82 /* Extensions */ = {
			isa = PBXGroup;
			children = (
				1FC6FE422C866CFC008345F3 /* Extension + Color.swift */,
			);
			path = Extensions;
			sourceTree = "<group>";
		};
		1F2972E92C8AFE4A007FAD82 /* App */ = {
			isa = PBXGroup;
			children = (
				1F4CB6692C7BCB05005BD10C /* LilithApp.swift */,
			);
			path = App;
			sourceTree = "<group>";
		};
		1F2972EA2C8AFE73007FAD82 /* Resources */ = {
			isa = PBXGroup;
			children = (
				1F4CB66D2C7BCB07005BD10C /* Assets.xcassets */,
			);
			path = Resources;
			sourceTree = "<group>";
		};
		1F4CB65D2C7BCB05005BD10C = {
			isa = PBXGroup;
			children = (
				1F4CB6682C7BCB05005BD10C /* Lilith */,
				1F4CB6672C7BCB05005BD10C /* Products */,
			);
			sourceTree = "<group>";
		};
		1F4CB6672C7BCB05005BD10C /* Products */ = {
			isa = PBXGroup;
			children = (
				1F4CB6662C7BCB05005BD10C /* Lilith.app */,
			);
			name = Products;
			sourceTree = "<group>";
		};
		1F4CB6682C7BCB05005BD10C /* Lilith */ = {
			isa = PBXGroup;
			children = (
				1F2972E92C8AFE4A007FAD82 /* App */,
				1F2972E72C8AFE05007FAD82 /* Models */,
				1F2972E62C8AF878007FAD82 /* Views */,
				1F2972E82C8AFE25007FAD82 /* Extensions */,
				1F2972EA2C8AFE73007FAD82 /* Resources */,
				1F4CB66F2C7BCB07005BD10C /* Preview Content */,
			);
			path = Lilith;
			sourceTree = "<group>";
		};
		1F4CB66F2C7BCB07005BD10C /* Preview Content */ = {
			isa = PBXGroup;
			children = (
				1F4CB6702C7BCB07005BD10C /* Preview Assets.xcassets */,
			);
			path = "Preview Content";
			sourceTree = "<group>";
		};
		1F73F4AC2C94701900F67913 /* CardScroll */ = {
			isa = PBXGroup;
			children = (
				1F3526742C86FA7200EF0A1D /* CardsView.swift */,
				1F7F68B02C934A4E0092FEB4 /* CardsViewModel.swift */,
				1FE5EA972C988C87006197F8 /* CardCellViewModel.swift */,
				1FFA6E4E2C8459E900041E92 /* CardCellView.swift */,
				1F73F4AD2C94705700F67913 /* Components */,
			);
			path = CardScroll;
			sourceTree = "<group>";
		};
		1F73F4AD2C94705700F67913 /* Components */ = {
			isa = PBXGroup;
			children = (
				1F73F4AA2C9449BF00F67913 /* CardsCustomList.swift */,
				1F73F4B32C94742100F67913 /* TitleView.swift */,
				1F73F4B52C94747900F67913 /* SearchView.swift */,
				1F73F4B12C9473CD00F67913 /* SegmentedView.swift */,
			);
			path = Components;
			sourceTree = "<group>";
		};
		1F73F4AE2C94708300F67913 /* Service Views */ = {
			isa = PBXGroup;
			children = (
				1FD926582C87BB96000E0AB4 /* ElementView.swift */,
				1FC974B12C8A09CE0089FC39 /* ZodiacView.swift */,
			);
			path = "Service Views";
			sourceTree = "<group>";
		};
/* End PBXGroup section */

/* Begin PBXNativeTarget section */
		1F4CB6652C7BCB05005BD10C /* Lilith */ = {
			isa = PBXNativeTarget;
			buildConfigurationList = 1F4CB6742C7BCB07005BD10C /* Build configuration list for PBXNativeTarget "Lilith" */;
			buildPhases = (
				1F4CB6622C7BCB05005BD10C /* Sources */,
				1F4CB6632C7BCB05005BD10C /* Frameworks */,
				1F4CB6642C7BCB05005BD10C /* Resources */,
			);
			buildRules = (
			);
			dependencies = (
			);
			name = Lilith;
			productName = Lilith;
			productReference = 1F4CB6662C7BCB05005BD10C /* Lilith.app */;
			productType = "com.apple.product-type.application";
		};
/* End PBXNativeTarget section */

/* Begin PBXProject section */
		1F4CB65E2C7BCB05005BD10C /* Project object */ = {
			isa = PBXProject;
			attributes = {
				BuildIndependentTargetsInParallel = 1;
				LastSwiftUpdateCheck = 1540;
				LastUpgradeCheck = 1540;
				TargetAttributes = {
					1F4CB6652C7BCB05005BD10C = {
						CreatedOnToolsVersion = 15.4;
					};
				};
			};
			buildConfigurationList = 1F4CB6612C7BCB05005BD10C /* Build configuration list for PBXProject "Lilith" */;
			compatibilityVersion = "Xcode 14.0";
			developmentRegion = ru;
			hasScannedForEncodings = 0;
			knownRegions = (
				Base,
				ru,
			);
			mainGroup = 1F4CB65D2C7BCB05005BD10C;
			productRefGroup = 1F4CB6672C7BCB05005BD10C /* Products */;
			projectDirPath = "";
			projectRoot = "";
			targets = (
				1F4CB6652C7BCB05005BD10C /* Lilith */,
			);
		};
/* End PBXProject section */

/* Begin PBXResourcesBuildPhase section */
		1F4CB6642C7BCB05005BD10C /* Resources */ = {
			isa = PBXResourcesBuildPhase;
			buildActionMask = 2147483647;
			files = (
				1F4CB6712C7BCB07005BD10C /* Preview Assets.xcassets in Resources */,
				1F4CB66E2C7BCB07005BD10C /* Assets.xcassets in Resources */,
			);
			runOnlyForDeploymentPostprocessing = 0;
		};
/* End PBXResourcesBuildPhase section */

/* Begin PBXSourcesBuildPhase section */
		1F4CB6622C7BCB05005BD10C /* Sources */ = {
			isa = PBXSourcesBuildPhase;
			buildActionMask = 2147483647;
			files = (
				1F73F4B42C94742100F67913 /* TitleView.swift in Sources */,
				1F73F4AB2C9449BF00F67913 /* CardsCustomList.swift in Sources */,
				1F4CB66A2C7BCB05005BD10C /* LilithApp.swift in Sources */,
				1F7F68B12C934A4E0092FEB4 /* CardsViewModel.swift in Sources */,
				1FE5EA982C988C87006197F8 /* CardCellViewModel.swift in Sources */,
				1FD926592C87BB96000E0AB4 /* ElementView.swift in Sources */,
				1F3526752C86FA7200EF0A1D /* CardsView.swift in Sources */,
				1F73F4B22C9473CD00F67913 /* SegmentedView.swift in Sources */,
				1FC974B22C8A09CE0089FC39 /* ZodiacView.swift in Sources */,
				1FFA6E4F2C8459E900041E92 /* CardCellView.swift in Sources */,
				1F1581F82C9F489000C3AEE7 /* ClassicCard.swift in Sources */,
				1F73F4B62C94747900F67913 /* SearchView.swift in Sources */,
				1FA003A12C7E9C1E004726FC /* Card.swift in Sources */,
				1FC6FE432C866CFC008345F3 /* Extension + Color.swift in Sources */,
			);
			runOnlyForDeploymentPostprocessing = 0;
		};
/* End PBXSourcesBuildPhase section */

/* Begin XCBuildConfiguration section */
		1F4CB6722C7BCB07005BD10C /* Debug */ = {
			isa = XCBuildConfiguration;
			buildSettings = {
				ALWAYS_SEARCH_USER_PATHS = NO;
				ASSETCATALOG_COMPILER_GENERATE_SWIFT_ASSET_SYMBOL_EXTENSIONS = YES;
				CLANG_ANALYZER_NONNULL = YES;
				CLANG_ANALYZER_NUMBER_OBJECT_CONVERSION = YES_AGGRESSIVE;
				CLANG_CXX_LANGUAGE_STANDARD = "gnu++20";
				CLANG_ENABLE_MODULES = YES;
				CLANG_ENABLE_OBJC_ARC = YES;
				CLANG_ENABLE_OBJC_WEAK = YES;
				CLANG_WARN_BLOCK_CAPTURE_AUTORELEASING = YES;
				CLANG_WARN_BOOL_CONVERSION = YES;
				CLANG_WARN_COMMA = YES;
				CLANG_WARN_CONSTANT_CONVERSION = YES;
				CLANG_WARN_DEPRECATED_OBJC_IMPLEMENTATIONS = YES;
				CLANG_WARN_DIRECT_OBJC_ISA_USAGE = YES_ERROR;
				CLANG_WARN_DOCUMENTATION_COMMENTS = YES;
				CLANG_WARN_EMPTY_BODY = YES;
				CLANG_WARN_ENUM_CONVERSION = YES;
				CLANG_WARN_INFINITE_RECURSION = YES;
				CLANG_WARN_INT_CONVERSION = YES;
				CLANG_WARN_NON_LITERAL_NULL_CONVERSION = YES;
				CLANG_WARN_OBJC_IMPLICIT_RETAIN_SELF = YES;
				CLANG_WARN_OBJC_LITERAL_CONVERSION = YES;
				CLANG_WARN_OBJC_ROOT_CLASS = YES_ERROR;
				CLANG_WARN_QUOTED_INCLUDE_IN_FRAMEWORK_HEADER = YES;
				CLANG_WARN_RANGE_LOOP_ANALYSIS = YES;
				CLANG_WARN_STRICT_PROTOTYPES = YES;
				CLANG_WARN_SUSPICIOUS_MOVE = YES;
				CLANG_WARN_UNGUARDED_AVAILABILITY = YES_AGGRESSIVE;
				CLANG_WARN_UNREACHABLE_CODE = YES;
				CLANG_WARN__DUPLICATE_METHOD_MATCH = YES;
				COPY_PHASE_STRIP = NO;
				DEBUG_INFORMATION_FORMAT = dwarf;
				ENABLE_STRICT_OBJC_MSGSEND = YES;
				ENABLE_TESTABILITY = YES;
				ENABLE_USER_SCRIPT_SANDBOXING = YES;
				GCC_C_LANGUAGE_STANDARD = gnu17;
				GCC_DYNAMIC_NO_PIC = NO;
				GCC_NO_COMMON_BLOCKS = YES;
				GCC_OPTIMIZATION_LEVEL = 0;
				GCC_PREPROCESSOR_DEFINITIONS = (
					"DEBUG=1",
					"$(inherited)",
				);
				GCC_WARN_64_TO_32_BIT_CONVERSION = YES;
				GCC_WARN_ABOUT_RETURN_TYPE = YES_ERROR;
				GCC_WARN_UNDECLARED_SELECTOR = YES;
				GCC_WARN_UNINITIALIZED_AUTOS = YES_AGGRESSIVE;
				GCC_WARN_UNUSED_FUNCTION = YES;
				GCC_WARN_UNUSED_VARIABLE = YES;
				IPHONEOS_DEPLOYMENT_TARGET = 17.5;
				LOCALIZATION_PREFERS_STRING_CATALOGS = YES;
				MTL_ENABLE_DEBUG_INFO = INCLUDE_SOURCE;
				MTL_FAST_MATH = YES;
				ONLY_ACTIVE_ARCH = YES;
				SDKROOT = iphoneos;
				SWIFT_ACTIVE_COMPILATION_CONDITIONS = "DEBUG $(inherited)";
				SWIFT_OPTIMIZATION_LEVEL = "-Onone";
			};
			name = Debug;
		};
		1F4CB6732C7BCB07005BD10C /* Release */ = {
			isa = XCBuildConfiguration;
			buildSettings = {
				ALWAYS_SEARCH_USER_PATHS = NO;
				ASSETCATALOG_COMPILER_GENERATE_SWIFT_ASSET_SYMBOL_EXTENSIONS = YES;
				CLANG_ANALYZER_NONNULL = YES;
				CLANG_ANALYZER_NUMBER_OBJECT_CONVERSION = YES_AGGRESSIVE;
				CLANG_CXX_LANGUAGE_STANDARD = "gnu++20";
				CLANG_ENABLE_MODULES = YES;
				CLANG_ENABLE_OBJC_ARC = YES;
				CLANG_ENABLE_OBJC_WEAK = YES;
				CLANG_WARN_BLOCK_CAPTURE_AUTORELEASING = YES;
				CLANG_WARN_BOOL_CONVERSION = YES;
				CLANG_WARN_COMMA = YES;
				CLANG_WARN_CONSTANT_CONVERSION = YES;
				CLANG_WARN_DEPRECATED_OBJC_IMPLEMENTATIONS = YES;
				CLANG_WARN_DIRECT_OBJC_ISA_USAGE = YES_ERROR;
				CLANG_WARN_DOCUMENTATION_COMMENTS = YES;
				CLANG_WARN_EMPTY_BODY = YES;
				CLANG_WARN_ENUM_CONVERSION = YES;
				CLANG_WARN_INFINITE_RECURSION = YES;
				CLANG_WARN_INT_CONVERSION = YES;
				CLANG_WARN_NON_LITERAL_NULL_CONVERSION = YES;
				CLANG_WARN_OBJC_IMPLICIT_RETAIN_SELF = YES;
				CLANG_WARN_OBJC_LITERAL_CONVERSION = YES;
				CLANG_WARN_OBJC_ROOT_CLASS = YES_ERROR;
				CLANG_WARN_QUOTED_INCLUDE_IN_FRAMEWORK_HEADER = YES;
				CLANG_WARN_RANGE_LOOP_ANALYSIS = YES;
				CLANG_WARN_STRICT_PROTOTYPES = YES;
				CLANG_WARN_SUSPICIOUS_MOVE = YES;
				CLANG_WARN_UNGUARDED_AVAILABILITY = YES_AGGRESSIVE;
				CLANG_WARN_UNREACHABLE_CODE = YES;
				CLANG_WARN__DUPLICATE_METHOD_MATCH = YES;
				COPY_PHASE_STRIP = NO;
				DEBUG_INFORMATION_FORMAT = "dwarf-with-dsym";
				ENABLE_NS_ASSERTIONS = NO;
				ENABLE_STRICT_OBJC_MSGSEND = YES;
				ENABLE_USER_SCRIPT_SANDBOXING = YES;
				GCC_C_LANGUAGE_STANDARD = gnu17;
				GCC_NO_COMMON_BLOCKS = YES;
				GCC_WARN_64_TO_32_BIT_CONVERSION = YES;
				GCC_WARN_ABOUT_RETURN_TYPE = YES_ERROR;
				GCC_WARN_UNDECLARED_SELECTOR = YES;
				GCC_WARN_UNINITIALIZED_AUTOS = YES_AGGRESSIVE;
				GCC_WARN_UNUSED_FUNCTION = YES;
				GCC_WARN_UNUSED_VARIABLE = YES;
				IPHONEOS_DEPLOYMENT_TARGET = 17.5;
				LOCALIZATION_PREFERS_STRING_CATALOGS = YES;
				MTL_ENABLE_DEBUG_INFO = NO;
				MTL_FAST_MATH = YES;
				SDKROOT = iphoneos;
				SWIFT_COMPILATION_MODE = wholemodule;
				VALIDATE_PRODUCT = YES;
			};
			name = Release;
		};
		1F4CB6752C7BCB07005BD10C /* Debug */ = {
			isa = XCBuildConfiguration;
			buildSettings = {
				ASSETCATALOG_COMPILER_APPICON_NAME = AppIcon;
				ASSETCATALOG_COMPILER_GLOBAL_ACCENT_COLOR_NAME = AccentColor;
				CODE_SIGN_STYLE = Automatic;
				CURRENT_PROJECT_VERSION = 1;
				DEVELOPMENT_ASSET_PATHS = "\"Lilith/Preview Content\"";
				DEVELOPMENT_TEAM = 6DCRFKN8GP;
				ENABLE_PREVIEWS = YES;
				GENERATE_INFOPLIST_FILE = YES;
				INFOPLIST_KEY_UIApplicationSceneManifest_Generation = YES;
				INFOPLIST_KEY_UIApplicationSupportsIndirectInputEvents = YES;
				INFOPLIST_KEY_UILaunchScreen_Generation = YES;
				INFOPLIST_KEY_UISupportedInterfaceOrientations = UIInterfaceOrientationPortrait;
				INFOPLIST_KEY_UISupportedInterfaceOrientations_iPad = "UIInterfaceOrientationLandscapeLeft UIInterfaceOrientationLandscapeRight UIInterfaceOrientationPortrait UIInterfaceOrientationPortraitUpsideDown";
				IPHONEOS_DEPLOYMENT_TARGET = 18.0;
				LD_RUNPATH_SEARCH_PATHS = (
					"$(inherited)",
					"@executable_path/Frameworks",
				);
				MARKETING_VERSION = 1.0;
				PRODUCT_BUNDLE_IDENTIFIER = "GE-Developer.Lilith";
				PRODUCT_NAME = "$(TARGET_NAME)";
				SUPPORTED_PLATFORMS = "iphoneos iphonesimulator";
				SUPPORTS_MACCATALYST = NO;
				SUPPORTS_MAC_DESIGNED_FOR_IPHONE_IPAD = NO;
				SUPPORTS_XR_DESIGNED_FOR_IPHONE_IPAD = NO;
				SWIFT_EMIT_LOC_STRINGS = YES;
				SWIFT_VERSION = 6.0;
				TARGETED_DEVICE_FAMILY = 1;
			};
			name = Debug;
		};
		1F4CB6762C7BCB07005BD10C /* Release */ = {
			isa = XCBuildConfiguration;
			buildSettings = {
				ASSETCATALOG_COMPILER_APPICON_NAME = AppIcon;
				ASSETCATALOG_COMPILER_GLOBAL_ACCENT_COLOR_NAME = AccentColor;
				CODE_SIGN_STYLE = Automatic;
				CURRENT_PROJECT_VERSION = 1;
				DEVELOPMENT_ASSET_PATHS = "\"Lilith/Preview Content\"";
				DEVELOPMENT_TEAM = 6DCRFKN8GP;
				ENABLE_PREVIEWS = YES;
				GENERATE_INFOPLIST_FILE = YES;
				INFOPLIST_KEY_UIApplicationSceneManifest_Generation = YES;
				INFOPLIST_KEY_UIApplicationSupportsIndirectInputEvents = YES;
				INFOPLIST_KEY_UILaunchScreen_Generation = YES;
				INFOPLIST_KEY_UISupportedInterfaceOrientations = UIInterfaceOrientationPortrait;
				INFOPLIST_KEY_UISupportedInterfaceOrientations_iPad = "UIInterfaceOrientationLandscapeLeft UIInterfaceOrientationLandscapeRight UIInterfaceOrientationPortrait UIInterfaceOrientationPortraitUpsideDown";
				IPHONEOS_DEPLOYMENT_TARGET = 18.0;
				LD_RUNPATH_SEARCH_PATHS = (
					"$(inherited)",
					"@executable_path/Frameworks",
				);
				MARKETING_VERSION = 1.0;
				PRODUCT_BUNDLE_IDENTIFIER = "GE-Developer.Lilith";
				PRODUCT_NAME = "$(TARGET_NAME)";
				SUPPORTED_PLATFORMS = "iphoneos iphonesimulator";
				SUPPORTS_MACCATALYST = NO;
				SUPPORTS_MAC_DESIGNED_FOR_IPHONE_IPAD = NO;
				SUPPORTS_XR_DESIGNED_FOR_IPHONE_IPAD = NO;
				SWIFT_EMIT_LOC_STRINGS = YES;
				SWIFT_VERSION = 6.0;
				TARGETED_DEVICE_FAMILY = 1;
			};
			name = Release;
		};
/* End XCBuildConfiguration section */

/* Begin XCConfigurationList section */
		1F4CB6612C7BCB05005BD10C /* Build configuration list for PBXProject "Lilith" */ = {
			isa = XCConfigurationList;
			buildConfigurations = (
				1F4CB6722C7BCB07005BD10C /* Debug */,
				1F4CB6732C7BCB07005BD10C /* Release */,
			);
			defaultConfigurationIsVisible = 0;
			defaultConfigurationName = Release;
		};
		1F4CB6742C7BCB07005BD10C /* Build configuration list for PBXNativeTarget "Lilith" */ = {
			isa = XCConfigurationList;
			buildConfigurations = (
				1F4CB6752C7BCB07005BD10C /* Debug */,
				1F4CB6762C7BCB07005BD10C /* Release */,
			);
			defaultConfigurationIsVisible = 0;
			defaultConfigurationName = Release;
		};
/* End XCConfigurationList section */
	};
	rootObject = 1F4CB65E2C7BCB05005BD10C /* Project object */;
}
