// !$*UTF8*$!
{
	archiveVersion = 1;
	classes = {
	};
	objectVersion = 77;
	objects = {

/* Begin PBXBuildFile section */
		1F00888F2CA8626C003C5F13 /* CardsView.swift in Sources */ = {isa = PBXBuildFile; fileRef = 1F00888E2CA8626C003C5F13 /* CardsView.swift */; };
		1F108A8F2CBEE6ED0095F36E /* Strings.swift in Sources */ = {isa = PBXBuildFile; fileRef = 1F108A8E2CBEE6ED0095F36E /* Strings.swift */; };
		1F1581F82C9F489000C3AEE7 /* ClassicCard.swift in Sources */ = {isa = PBXBuildFile; fileRef = 1F1581F72C9F489000C3AEE7 /* ClassicCard.swift */; };
		1F2567582CB07BE400F91C63 /* Gradient + Extension.swift in Sources */ = {isa = PBXBuildFile; fileRef = 1F2567572CB07BE400F91C63 /* Gradient + Extension.swift */; };
		1F3723B42CBC01DD00874045 /* CardCellView.swift in Sources */ = {isa = PBXBuildFile; fileRef = 1F3723B32CBC01DD00874045 /* CardCellView.swift */; };
		1F4CB46A2CBE7E170093422F /* Localizable.strings in Resources */ = {isa = PBXBuildFile; fileRef = 1F4CB4682CBE7E170093422F /* Localizable.strings */; };
		1F4CB66A2C7BCB05005BD10C /* LilithApp.swift in Sources */ = {isa = PBXBuildFile; fileRef = 1F4CB6692C7BCB05005BD10C /* LilithApp.swift */; };
		1F4CB6712C7BCB07005BD10C /* Preview Assets.xcassets in Resources */ = {isa = PBXBuildFile; fileRef = 1F4CB6702C7BCB07005BD10C /* Preview Assets.xcassets */; };
		1F4E97CF2CADA9310041C718 /* Colors.xcassets in Resources */ = {isa = PBXBuildFile; fileRef = 1F4E97CE2CADA9310041C718 /* Colors.xcassets */; };
		1F4E97D12CADA9810041C718 /* Assets.xcassets in Resources */ = {isa = PBXBuildFile; fileRef = 1F4E97D02CADA9810041C718 /* Assets.xcassets */; };
		1F4E97D32CADAA3D0041C718 /* Images.xcassets in Resources */ = {isa = PBXBuildFile; fileRef = 1F4E97D22CADAA3D0041C718 /* Images.xcassets */; };
		1F5229C22CAF640E0040932D /* ExplosiveLikeView.swift in Sources */ = {isa = PBXBuildFile; fileRef = 1F5229C12CAF640E0040932D /* ExplosiveLikeView.swift */; };
		1F6B6BFF2CBB070A00CB5AF9 /* View + Extension.swift in Sources */ = {isa = PBXBuildFile; fileRef = 1F6B6BFE2CBB070A00CB5AF9 /* View + Extension.swift */; };
		1F73F4AB2C9449BF00F67913 /* CardsCustomList.swift in Sources */ = {isa = PBXBuildFile; fileRef = 1F73F4AA2C9449BF00F67913 /* CardsCustomList.swift */; };
		1F73F4B22C9473CD00F67913 /* SegmentedView.swift in Sources */ = {isa = PBXBuildFile; fileRef = 1F73F4B12C9473CD00F67913 /* SegmentedView.swift */; };
		1F73F4B62C94747900F67913 /* SearchView.swift in Sources */ = {isa = PBXBuildFile; fileRef = 1F73F4B52C94747900F67913 /* SearchView.swift */; };
		1F7F68B12C934A4E0092FEB4 /* CardsViewModel.swift in Sources */ = {isa = PBXBuildFile; fileRef = 1F7F68B02C934A4E0092FEB4 /* CardsViewModel.swift */; };
		1F98222D2CAC93260054C73A /* Image + Extension.swift in Sources */ = {isa = PBXBuildFile; fileRef = 1F98222C2CAC93260054C73A /* Image + Extension.swift */; };
		1FA003A12C7E9C1E004726FC /* Card.swift in Sources */ = {isa = PBXBuildFile; fileRef = 1FA003A02C7E9C1E004726FC /* Card.swift */; };
		1FACAD8C2CA34C7F0036FB50 /* CustomScrollView.swift in Sources */ = {isa = PBXBuildFile; fileRef = 1FACAD8B2CA34C7F0036FB50 /* CustomScrollView.swift */; };
		1FB500E02CB5F260008F0185 /* StorageManager.swift in Sources */ = {isa = PBXBuildFile; fileRef = 1FB500DF2CB5F260008F0185 /* StorageManager.swift */; };
		1FB500E22CB5F287008F0185 /* LikedCard.swift in Sources */ = {isa = PBXBuildFile; fileRef = 1FB500E12CB5F287008F0185 /* LikedCard.swift */; };
		1FC6FE432C866CFC008345F3 /* Color + Extension.swift in Sources */ = {isa = PBXBuildFile; fileRef = 1FC6FE422C866CFC008345F3 /* Color + Extension.swift */; };
		1FC974B22C8A09CE0089FC39 /* ZodiacView.swift in Sources */ = {isa = PBXBuildFile; fileRef = 1FC974B12C8A09CE0089FC39 /* ZodiacView.swift */; };
		1FD926592C87BB96000E0AB4 /* ElementView.swift in Sources */ = {isa = PBXBuildFile; fileRef = 1FD926582C87BB96000E0AB4 /* ElementView.swift */; };
		1FE5EA982C988C87006197F8 /* CardCellViewModel.swift in Sources */ = {isa = PBXBuildFile; fileRef = 1FE5EA972C988C87006197F8 /* CardCellViewModel.swift */; };
		1FFA6E4F2C8459E900041E92 /* SwipeableCardCellView.swift in Sources */ = {isa = PBXBuildFile; fileRef = 1FFA6E4E2C8459E900041E92 /* SwipeableCardCellView.swift */; };
/* End PBXBuildFile section */

/* Begin PBXFileReference section */
		1F00888E2CA8626C003C5F13 /* CardsView.swift */ = {isa = PBXFileReference; lastKnownFileType = sourcecode.swift; path = CardsView.swift; sourceTree = "<group>"; };
		1F108A832CBEC33D0095F36E /* ka */ = {isa = PBXFileReference; lastKnownFileType = text.plist.strings; name = ka; path = ka.lproj/Localizable.strings; sourceTree = "<group>"; };
		1F108A8E2CBEE6ED0095F36E /* Strings.swift */ = {isa = PBXFileReference; lastKnownFileType = sourcecode.swift; path = Strings.swift; sourceTree = "<group>"; };
		1F1581F72C9F489000C3AEE7 /* ClassicCard.swift */ = {isa = PBXFileReference; lastKnownFileType = sourcecode.swift; path = ClassicCard.swift; sourceTree = "<group>"; };
		1F2567572CB07BE400F91C63 /* Gradient + Extension.swift */ = {isa = PBXFileReference; lastKnownFileType = sourcecode.swift; path = "Gradient + Extension.swift"; sourceTree = "<group>"; };
		1F3723B32CBC01DD00874045 /* CardCellView.swift */ = {isa = PBXFileReference; lastKnownFileType = sourcecode.swift; path = CardCellView.swift; sourceTree = "<group>"; };
		1F4CB4692CBE7E170093422F /* en */ = {isa = PBXFileReference; lastKnownFileType = text.plist.strings; name = en; path = en.lproj/Localizable.strings; sourceTree = "<group>"; };
		1F4CB46B2CBE7E1F0093422F /* ru */ = {isa = PBXFileReference; lastKnownFileType = text.plist.strings; name = ru; path = ru.lproj/Localizable.strings; sourceTree = "<group>"; };
		1F4CB6662C7BCB05005BD10C /* Lilith.app */ = {isa = PBXFileReference; explicitFileType = wrapper.application; includeInIndex = 0; path = Lilith.app; sourceTree = BUILT_PRODUCTS_DIR; };
		1F4CB6692C7BCB05005BD10C /* LilithApp.swift */ = {isa = PBXFileReference; lastKnownFileType = sourcecode.swift; path = LilithApp.swift; sourceTree = "<group>"; };
		1F4CB6702C7BCB07005BD10C /* Preview Assets.xcassets */ = {isa = PBXFileReference; lastKnownFileType = folder.assetcatalog; path = "Preview Assets.xcassets"; sourceTree = "<group>"; };
		1F4E97CE2CADA9310041C718 /* Colors.xcassets */ = {isa = PBXFileReference; lastKnownFileType = folder.assetcatalog; path = Colors.xcassets; sourceTree = "<group>"; };
		1F4E97D02CADA9810041C718 /* Assets.xcassets */ = {isa = PBXFileReference; lastKnownFileType = folder.assetcatalog; path = Assets.xcassets; sourceTree = "<group>"; };
		1F4E97D22CADAA3D0041C718 /* Images.xcassets */ = {isa = PBXFileReference; lastKnownFileType = folder.assetcatalog; path = Images.xcassets; sourceTree = "<group>"; };
		1F5229C12CAF640E0040932D /* ExplosiveLikeView.swift */ = {isa = PBXFileReference; lastKnownFileType = sourcecode.swift; path = ExplosiveLikeView.swift; sourceTree = "<group>"; };
		1F6B6BFE2CBB070A00CB5AF9 /* View + Extension.swift */ = {isa = PBXFileReference; lastKnownFileType = sourcecode.swift; path = "View + Extension.swift"; sourceTree = "<group>"; };
		1F73F4AA2C9449BF00F67913 /* CardsCustomList.swift */ = {isa = PBXFileReference; lastKnownFileType = sourcecode.swift; path = CardsCustomList.swift; sourceTree = "<group>"; };
		1F73F4B12C9473CD00F67913 /* SegmentedView.swift */ = {isa = PBXFileReference; lastKnownFileType = sourcecode.swift; path = SegmentedView.swift; sourceTree = "<group>"; };
		1F73F4B52C94747900F67913 /* SearchView.swift */ = {isa = PBXFileReference; lastKnownFileType = sourcecode.swift; path = SearchView.swift; sourceTree = "<group>"; };
		1F7F68B02C934A4E0092FEB4 /* CardsViewModel.swift */ = {isa = PBXFileReference; lastKnownFileType = sourcecode.swift; path = CardsViewModel.swift; sourceTree = "<group>"; };
		1F98222C2CAC93260054C73A /* Image + Extension.swift */ = {isa = PBXFileReference; lastKnownFileType = sourcecode.swift; path = "Image + Extension.swift"; sourceTree = "<group>"; };
		1FA003A02C7E9C1E004726FC /* Card.swift */ = {isa = PBXFileReference; fileEncoding = 4; lastKnownFileType = sourcecode.swift; path = Card.swift; sourceTree = "<group>"; };
		1FACAD8B2CA34C7F0036FB50 /* CustomScrollView.swift */ = {isa = PBXFileReference; lastKnownFileType = sourcecode.swift; path = CustomScrollView.swift; sourceTree = "<group>"; };
		1FB500DF2CB5F260008F0185 /* StorageManager.swift */ = {isa = PBXFileReference; lastKnownFileType = sourcecode.swift; path = StorageManager.swift; sourceTree = "<group>"; };
		1FB500E12CB5F287008F0185 /* LikedCard.swift */ = {isa = PBXFileReference; lastKnownFileType = sourcecode.swift; path = LikedCard.swift; sourceTree = "<group>"; };
		1FC6FE422C866CFC008345F3 /* Color + Extension.swift */ = {isa = PBXFileReference; lastKnownFileType = sourcecode.swift; path = "Color + Extension.swift"; sourceTree = "<group>"; };
		1FC974B12C8A09CE0089FC39 /* ZodiacView.swift */ = {isa = PBXFileReference; lastKnownFileType = sourcecode.swift; path = ZodiacView.swift; sourceTree = "<group>"; };
		1FD926582C87BB96000E0AB4 /* ElementView.swift */ = {isa = PBXFileReference; lastKnownFileType = sourcecode.swift; path = ElementView.swift; sourceTree = "<group>"; };
		1FE5EA972C988C87006197F8 /* CardCellViewModel.swift */ = {isa = PBXFileReference; lastKnownFileType = sourcecode.swift; path = CardCellViewModel.swift; sourceTree = "<group>"; };
		1FFA6E4E2C8459E900041E92 /* SwipeableCardCellView.swift */ = {isa = PBXFileReference; lastKnownFileType = sourcecode.swift; path = SwipeableCardCellView.swift; sourceTree = "<group>"; tabWidth = 4; };
/* End PBXFileReference section */

/* Begin PBXFileSystemSynchronizedRootGroup section */
		1F108A7F2CBEC1790095F36E /* SwiftGen */ = {
			isa = PBXFileSystemSynchronizedRootGroup;
			path = SwiftGen;
			sourceTree = "<group>";
		};
		1FB951C22CB86A9800DBD0C5 /* Enums */ = {
			isa = PBXFileSystemSynchronizedRootGroup;
			path = Enums;
			sourceTree = "<group>";
		};
/* End PBXFileSystemSynchronizedRootGroup section */

/* Begin PBXGroup section */
		1F108A882CBEE6520095F36E /* Autogenerated */ = {
			isa = PBXGroup;
			children = (
				1F108A8E2CBEE6ED0095F36E /* Strings.swift */,
			);
			path = Autogenerated;
			sourceTree = "<group>";
		};
		1F2972E62C8AF878007FAD82 /* Views */ = {
			isa = PBXGroup;
			children = (
				1F73F4AE2C94708300F67913 /* Service Views */,
				1F73F4AC2C94701900F67913 /* Cards */,
			);
			path = Views;
			sourceTree = "<group>";
		};
		1F2972E72C8AFE05007FAD82 /* Models */ = {
			isa = PBXGroup;
			children = (
				1FA003A02C7E9C1E004726FC /* Card.swift */,
				1FB500E12CB5F287008F0185 /* LikedCard.swift */,
			);
			path = Models;
			sourceTree = "<group>";
		};
		1F2972E82C8AFE25007FAD82 /* Extensions */ = {
			isa = PBXGroup;
			children = (
				1FC6FE422C866CFC008345F3 /* Color + Extension.swift */,
				1F6B6BFE2CBB070A00CB5AF9 /* View + Extension.swift */,
				1F2567572CB07BE400F91C63 /* Gradient + Extension.swift */,
				1F98222C2CAC93260054C73A /* Image + Extension.swift */,
			);
			path = Extensions;
			sourceTree = "<group>";
		};
		1F2972E92C8AFE4A007FAD82 /* App */ = {
			isa = PBXGroup;
			children = (
				1F4CB6692C7BCB05005BD10C /* LilithApp.swift */,
			);
			path = App;
			sourceTree = "<group>";
		};
		1F2972EA2C8AFE73007FAD82 /* Resources */ = {
			isa = PBXGroup;
			children = (
				1F108A882CBEE6520095F36E /* Autogenerated */,
				1F4E97D02CADA9810041C718 /* Assets.xcassets */,
				1F4E97CE2CADA9310041C718 /* Colors.xcassets */,
				1F4E97D22CADAA3D0041C718 /* Images.xcassets */,
				1F4CB4682CBE7E170093422F /* Localizable.strings */,
			);
			path = Resources;
			sourceTree = "<group>";
		};
		1F34ECC82CAC8FA9003307A3 /* Data Manager */ = {
			isa = PBXGroup;
			children = (
				1F1581F72C9F489000C3AEE7 /* ClassicCard.swift */,
			);
			path = "Data Manager";
			sourceTree = "<group>";
		};
		1F34ECC92CAC903E003307A3 /* CardsList */ = {
			isa = PBXGroup;
			children = (
				1F00888E2CA8626C003C5F13 /* CardsView.swift */,
				1F7F68B02C934A4E0092FEB4 /* CardsViewModel.swift */,
			);
			path = CardsList;
			sourceTree = "<group>";
		};
		1F4CB65D2C7BCB05005BD10C = {
			isa = PBXGroup;
			children = (
				1F4CB6682C7BCB05005BD10C /* Lilith */,
				1F4CB6672C7BCB05005BD10C /* Products */,
			);
			sourceTree = "<group>";
		};
		1F4CB6672C7BCB05005BD10C /* Products */ = {
			isa = PBXGroup;
			children = (
				1F4CB6662C7BCB05005BD10C /* Lilith.app */,
			);
			name = Products;
			sourceTree = "<group>";
		};
		1F4CB6682C7BCB05005BD10C /* Lilith */ = {
			isa = PBXGroup;
			children = (
				1F108A7F2CBEC1790095F36E /* SwiftGen */,
				1F2972E92C8AFE4A007FAD82 /* App */,
				1F2972E72C8AFE05007FAD82 /* Models */,
				1FB500DE2CB5F22D008F0185 /* Services */,
				1F34ECC82CAC8FA9003307A3 /* Data Manager */,
				1F2972E62C8AF878007FAD82 /* Views */,
				1F2972E82C8AFE25007FAD82 /* Extensions */,
				1FB951C22CB86A9800DBD0C5 /* Enums */,
				1F2972EA2C8AFE73007FAD82 /* Resources */,
				1F4CB66F2C7BCB07005BD10C /* Preview Content */,
			);
			path = Lilith;
			sourceTree = "<group>";
		};
		1F4CB66F2C7BCB07005BD10C /* Preview Content */ = {
			isa = PBXGroup;
			children = (
				1F4CB6702C7BCB07005BD10C /* Preview Assets.xcassets */,
			);
			path = "Preview Content";
			sourceTree = "<group>";
		};
		1F73F4AC2C94701900F67913 /* Cards */ = {
			isa = PBXGroup;
			children = (
				1F34ECC92CAC903E003307A3 /* CardsList */,
				1F98222A2CAC92740054C73A /* CardCell */,
				1F73F4AD2C94705700F67913 /* Components */,
			);
			path = Cards;
			sourceTree = "<group>";
		};
		1F73F4AD2C94705700F67913 /* Components */ = {
			isa = PBXGroup;
			children = (
				1F73F4AA2C9449BF00F67913 /* CardsCustomList.swift */,
				1F73F4B52C94747900F67913 /* SearchView.swift */,
				1F73F4B12C9473CD00F67913 /* SegmentedView.swift */,
			);
			path = Components;
			sourceTree = "<group>";
		};
		1F73F4AE2C94708300F67913 /* Service Views */ = {
			isa = PBXGroup;
			children = (
				1F5229C12CAF640E0040932D /* ExplosiveLikeView.swift */,
				1FD926582C87BB96000E0AB4 /* ElementView.swift */,
				1FC974B12C8A09CE0089FC39 /* ZodiacView.swift */,
				1FACAD8B2CA34C7F0036FB50 /* CustomScrollView.swift */,
			);
			path = "Service Views";
			sourceTree = "<group>";
		};
		1F98222A2CAC92740054C73A /* CardCell */ = {
			isa = PBXGroup;
			children = (
				1FFA6E4E2C8459E900041E92 /* SwipeableCardCellView.swift */,
				1F3723B32CBC01DD00874045 /* CardCellView.swift */,
				1FE5EA972C988C87006197F8 /* CardCellViewModel.swift */,
			);
			path = CardCell;
			sourceTree = "<group>";
		};
		1FB500DE2CB5F22D008F0185 /* Services */ = {
			isa = PBXGroup;
			children = (
				1FB500DF2CB5F260008F0185 /* StorageManager.swift */,
			);
			path = Services;
			sourceTree = "<group>";
		};
/* End PBXGroup section */

/* Begin PBXNativeTarget section */
		1F4CB6652C7BCB05005BD10C /* Lilith */ = {
			isa = PBXNativeTarget;
			buildConfigurationList = 1F4CB6742C7BCB07005BD10C /* Build configuration list for PBXNativeTarget "Lilith" */;
			buildPhases = (
				1F6E47162CBEABC40060118E /* Run SwiftGen */,
				1F4CB6622C7BCB05005BD10C /* Sources */,
				1F4CB6642C7BCB05005BD10C /* Resources */,
			);
			buildRules = (
			);
			dependencies = (
			);
			fileSystemSynchronizedGroups = (
				1F108A7F2CBEC1790095F36E /* SwiftGen */,
				1FB951C22CB86A9800DBD0C5 /* Enums */,
			);
			name = Lilith;
			productName = Lilith;
			productReference = 1F4CB6662C7BCB05005BD10C /* Lilith.app */;
			productType = "com.apple.product-type.application";
		};
/* End PBXNativeTarget section */

/* Begin PBXProject section */
		1F4CB65E2C7BCB05005BD10C /* Project object */ = {
			isa = PBXProject;
			attributes = {
				BuildIndependentTargetsInParallel = 1;
				LastSwiftUpdateCheck = 1540;
				LastUpgradeCheck = 1600;
				TargetAttributes = {
					1F4CB6652C7BCB05005BD10C = {
						CreatedOnToolsVersion = 15.4;
					};
				};
			};
			buildConfigurationList = 1F4CB6612C7BCB05005BD10C /* Build configuration list for PBXProject "Lilith" */;
			developmentRegion = en;
			hasScannedForEncodings = 0;
			knownRegions = (
				Base,
				ru,
				en,
				ka,
			);
			mainGroup = 1F4CB65D2C7BCB05005BD10C;
			packageReferences = (
			);
			preferredProjectObjectVersion = 77;
			productRefGroup = 1F4CB6672C7BCB05005BD10C /* Products */;
			projectDirPath = "";
			projectRoot = "";
			targets = (
				1F4CB6652C7BCB05005BD10C /* Lilith */,
			);
		};
/* End PBXProject section */

/* Begin PBXResourcesBuildPhase section */
		1F4CB6642C7BCB05005BD10C /* Resources */ = {
			isa = PBXResourcesBuildPhase;
			buildActionMask = 2147483647;
			files = (
				1F4E97CF2CADA9310041C718 /* Colors.xcassets in Resources */,
				1F4CB46A2CBE7E170093422F /* Localizable.strings in Resources */,
				1F4E97D32CADAA3D0041C718 /* Images.xcassets in Resources */,
				1F4E97D12CADA9810041C718 /* Assets.xcassets in Resources */,
				1F4CB6712C7BCB07005BD10C /* Preview Assets.xcassets in Resources */,
			);
			runOnlyForDeploymentPostprocessing = 0;
		};
/* End PBXResourcesBuildPhase section */

/* Begin PBXShellScriptBuildPhase section */
		1F6E47162CBEABC40060118E /* Run SwiftGen */ = {
			isa = PBXShellScriptBuildPhase;
			alwaysOutOfDate = 1;
			buildActionMask = 2147483647;
			files = (
			);
			inputFileListPaths = (
			);
			inputPaths = (
			);
			name = "Run SwiftGen";
			outputFileListPaths = (
			);
			outputPaths = (
				"$(SRCROOT)/Lilith/Resources/Autogenerated/Strings.swift",
			);
			runOnlyForDeploymentPostprocessing = 0;
			shellPath = /bin/sh;
			shellScript = "Lilith/SwiftGen/swiftgen.sh\n";
		};
/* End PBXShellScriptBuildPhase section */

/* Begin PBXSourcesBuildPhase section */
		1F4CB6622C7BCB05005BD10C /* Sources */ = {
			isa = PBXSourcesBuildPhase;
			buildActionMask = 2147483647;
			files = (
				1F00888F2CA8626C003C5F13 /* CardsView.swift in Sources */,
				1F73F4AB2C9449BF00F67913 /* CardsCustomList.swift in Sources */,
				1F4CB66A2C7BCB05005BD10C /* LilithApp.swift in Sources */,
				1F7F68B12C934A4E0092FEB4 /* CardsViewModel.swift in Sources */,
				1F6B6BFF2CBB070A00CB5AF9 /* View + Extension.swift in Sources */,
				1FE5EA982C988C87006197F8 /* CardCellViewModel.swift in Sources */,
				1FD926592C87BB96000E0AB4 /* ElementView.swift in Sources */,
				1FACAD8C2CA34C7F0036FB50 /* CustomScrollView.swift in Sources */,
				1FB500E22CB5F287008F0185 /* LikedCard.swift in Sources */,
				1F73F4B22C9473CD00F67913 /* SegmentedView.swift in Sources */,
				1FC974B22C8A09CE0089FC39 /* ZodiacView.swift in Sources */,
				1F3723B42CBC01DD00874045 /* CardCellView.swift in Sources */,
				1FFA6E4F2C8459E900041E92 /* SwipeableCardCellView.swift in Sources */,
				1F1581F82C9F489000C3AEE7 /* ClassicCard.swift in Sources */,
				1FB500E02CB5F260008F0185 /* StorageManager.swift in Sources */,
				1F73F4B62C94747900F67913 /* SearchView.swift in Sources */,
				1F108A8F2CBEE6ED0095F36E /* Strings.swift in Sources */,
				1F98222D2CAC93260054C73A /* Image + Extension.swift in Sources */,
				1FA003A12C7E9C1E004726FC /* Card.swift in Sources */,
				1F5229C22CAF640E0040932D /* ExplosiveLikeView.swift in Sources */,
				1FC6FE432C866CFC008345F3 /* Color + Extension.swift in Sources */,
				1F2567582CB07BE400F91C63 /* Gradient + Extension.swift in Sources */,
			);
			runOnlyForDeploymentPostprocessing = 0;
		};
/* End PBXSourcesBuildPhase section */

/* Begin PBXVariantGroup section */
		1F4CB4682CBE7E170093422F /* Localizable.strings */ = {
			isa = PBXVariantGroup;
			children = (
				1F4CB4692CBE7E170093422F /* en */,
				1F4CB46B2CBE7E1F0093422F /* ru */,
				1F108A832CBEC33D0095F36E /* ka */,
			);
			name = Localizable.strings;
			path = Lilith/Resources;
			sourceTree = SOURCE_ROOT;
		};
/* End PBXVariantGroup section */

/* Begin XCBuildConfiguration section */
		1F4CB6722C7BCB07005BD10C /* Debug */ = {
			isa = XCBuildConfiguration;
			buildSettings = {
				ALWAYS_SEARCH_USER_PATHS = NO;
				ASSETCATALOG_COMPILER_GENERATE_SWIFT_ASSET_SYMBOL_EXTENSIONS = YES;
				CLANG_ANALYZER_LOCALIZABILITY_NONLOCALIZED = YES;
				CLANG_ANALYZER_NONNULL = YES;
				CLANG_ANALYZER_NUMBER_OBJECT_CONVERSION = YES_AGGRESSIVE;
				CLANG_CXX_LANGUAGE_STANDARD = "gnu++20";
				CLANG_ENABLE_MODULES = YES;
				CLANG_ENABLE_OBJC_ARC = YES;
				CLANG_ENABLE_OBJC_WEAK = YES;
				CLANG_WARN_BLOCK_CAPTURE_AUTORELEASING = YES;
				CLANG_WARN_BOOL_CONVERSION = YES;
				CLANG_WARN_COMMA = YES;
				CLANG_WARN_CONSTANT_CONVERSION = YES;
				CLANG_WARN_DEPRECATED_OBJC_IMPLEMENTATIONS = YES;
				CLANG_WARN_DIRECT_OBJC_ISA_USAGE = YES_ERROR;
				CLANG_WARN_DOCUMENTATION_COMMENTS = YES;
				CLANG_WARN_EMPTY_BODY = YES;
				CLANG_WARN_ENUM_CONVERSION = YES;
				CLANG_WARN_INFINITE_RECURSION = YES;
				CLANG_WARN_INT_CONVERSION = YES;
				CLANG_WARN_NON_LITERAL_NULL_CONVERSION = YES;
				CLANG_WARN_OBJC_IMPLICIT_RETAIN_SELF = YES;
				CLANG_WARN_OBJC_LITERAL_CONVERSION = YES;
				CLANG_WARN_OBJC_ROOT_CLASS = YES_ERROR;
				CLANG_WARN_QUOTED_INCLUDE_IN_FRAMEWORK_HEADER = YES;
				CLANG_WARN_RANGE_LOOP_ANALYSIS = YES;
				CLANG_WARN_STRICT_PROTOTYPES = YES;
				CLANG_WARN_SUSPICIOUS_MOVE = YES;
				CLANG_WARN_UNGUARDED_AVAILABILITY = YES_AGGRESSIVE;
				CLANG_WARN_UNREACHABLE_CODE = YES;
				CLANG_WARN__DUPLICATE_METHOD_MATCH = YES;
				COPY_PHASE_STRIP = NO;
				DEBUG_INFORMATION_FORMAT = dwarf;
				ENABLE_STRICT_OBJC_MSGSEND = YES;
				ENABLE_TESTABILITY = YES;
				ENABLE_USER_SCRIPT_SANDBOXING = YES;
				GCC_C_LANGUAGE_STANDARD = gnu17;
				GCC_DYNAMIC_NO_PIC = NO;
				GCC_NO_COMMON_BLOCKS = YES;
				GCC_OPTIMIZATION_LEVEL = 0;
				GCC_PREPROCESSOR_DEFINITIONS = (
					"DEBUG=1",
					"$(inherited)",
				);
				GCC_WARN_64_TO_32_BIT_CONVERSION = YES;
				GCC_WARN_ABOUT_RETURN_TYPE = YES_ERROR;
				GCC_WARN_UNDECLARED_SELECTOR = YES;
				GCC_WARN_UNINITIALIZED_AUTOS = YES_AGGRESSIVE;
				GCC_WARN_UNUSED_FUNCTION = YES;
				GCC_WARN_UNUSED_VARIABLE = YES;
				IPHONEOS_DEPLOYMENT_TARGET = 17.5;
				LOCALIZATION_PREFERS_STRING_CATALOGS = YES;
				MTL_ENABLE_DEBUG_INFO = INCLUDE_SOURCE;
				MTL_FAST_MATH = YES;
				ONLY_ACTIVE_ARCH = YES;
				SDKROOT = iphoneos;
				SWIFT_ACTIVE_COMPILATION_CONDITIONS = "DEBUG $(inherited)";
				SWIFT_OPTIMIZATION_LEVEL = "-Onone";
			};
			name = Debug;
		};
		1F4CB6732C7BCB07005BD10C /* Release */ = {
			isa = XCBuildConfiguration;
			buildSettings = {
				ALWAYS_SEARCH_USER_PATHS = NO;
				ASSETCATALOG_COMPILER_GENERATE_SWIFT_ASSET_SYMBOL_EXTENSIONS = YES;
				CLANG_ANALYZER_LOCALIZABILITY_NONLOCALIZED = YES;
				CLANG_ANALYZER_NONNULL = YES;
				CLANG_ANALYZER_NUMBER_OBJECT_CONVERSION = YES_AGGRESSIVE;
				CLANG_CXX_LANGUAGE_STANDARD = "gnu++20";
				CLANG_ENABLE_MODULES = YES;
				CLANG_ENABLE_OBJC_ARC = YES;
				CLANG_ENABLE_OBJC_WEAK = YES;
				CLANG_WARN_BLOCK_CAPTURE_AUTORELEASING = YES;
				CLANG_WARN_BOOL_CONVERSION = YES;
				CLANG_WARN_COMMA = YES;
				CLANG_WARN_CONSTANT_CONVERSION = YES;
				CLANG_WARN_DEPRECATED_OBJC_IMPLEMENTATIONS = YES;
				CLANG_WARN_DIRECT_OBJC_ISA_USAGE = YES_ERROR;
				CLANG_WARN_DOCUMENTATION_COMMENTS = YES;
				CLANG_WARN_EMPTY_BODY = YES;
				CLANG_WARN_ENUM_CONVERSION = YES;
				CLANG_WARN_INFINITE_RECURSION = YES;
				CLANG_WARN_INT_CONVERSION = YES;
				CLANG_WARN_NON_LITERAL_NULL_CONVERSION = YES;
				CLANG_WARN_OBJC_IMPLICIT_RETAIN_SELF = YES;
				CLANG_WARN_OBJC_LITERAL_CONVERSION = YES;
				CLANG_WARN_OBJC_ROOT_CLASS = YES_ERROR;
				CLANG_WARN_QUOTED_INCLUDE_IN_FRAMEWORK_HEADER = YES;
				CLANG_WARN_RANGE_LOOP_ANALYSIS = YES;
				CLANG_WARN_STRICT_PROTOTYPES = YES;
				CLANG_WARN_SUSPICIOUS_MOVE = YES;
				CLANG_WARN_UNGUARDED_AVAILABILITY = YES_AGGRESSIVE;
				CLANG_WARN_UNREACHABLE_CODE = YES;
				CLANG_WARN__DUPLICATE_METHOD_MATCH = YES;
				COPY_PHASE_STRIP = NO;
				DEBUG_INFORMATION_FORMAT = "dwarf-with-dsym";
				ENABLE_NS_ASSERTIONS = NO;
				ENABLE_STRICT_OBJC_MSGSEND = YES;
				ENABLE_USER_SCRIPT_SANDBOXING = YES;
				GCC_C_LANGUAGE_STANDARD = gnu17;
				GCC_NO_COMMON_BLOCKS = YES;
				GCC_WARN_64_TO_32_BIT_CONVERSION = YES;
				GCC_WARN_ABOUT_RETURN_TYPE = YES_ERROR;
				GCC_WARN_UNDECLARED_SELECTOR = YES;
				GCC_WARN_UNINITIALIZED_AUTOS = YES_AGGRESSIVE;
				GCC_WARN_UNUSED_FUNCTION = YES;
				GCC_WARN_UNUSED_VARIABLE = YES;
				IPHONEOS_DEPLOYMENT_TARGET = 17.5;
				LOCALIZATION_PREFERS_STRING_CATALOGS = YES;
				MTL_ENABLE_DEBUG_INFO = NO;
				MTL_FAST_MATH = YES;
				SDKROOT = iphoneos;
				SWIFT_COMPILATION_MODE = wholemodule;
				VALIDATE_PRODUCT = YES;
			};
			name = Release;
		};
		1F4CB6752C7BCB07005BD10C /* Debug */ = {
			isa = XCBuildConfiguration;
			buildSettings = {
				ASSETCATALOG_COMPILER_APPICON_NAME = AppIcon;
				ASSETCATALOG_COMPILER_GLOBAL_ACCENT_COLOR_NAME = AccentColor;
				CODE_SIGN_STYLE = Automatic;
				CURRENT_PROJECT_VERSION = 1;
				DEVELOPMENT_ASSET_PATHS = "\"Lilith/Preview Content\"";
				DEVELOPMENT_TEAM = 6DCRFKN8GP;
				ENABLE_PREVIEWS = YES;
				ENABLE_USER_SCRIPT_SANDBOXING = NO;
				GENERATE_INFOPLIST_FILE = YES;
				INFOPLIST_KEY_UIApplicationSceneManifest_Generation = YES;
				INFOPLIST_KEY_UIApplicationSupportsIndirectInputEvents = YES;
				INFOPLIST_KEY_UILaunchScreen_Generation = YES;
				INFOPLIST_KEY_UISupportedInterfaceOrientations = UIInterfaceOrientationPortrait;
				INFOPLIST_KEY_UISupportedInterfaceOrientations_iPad = "UIInterfaceOrientationLandscapeLeft UIInterfaceOrientationLandscapeRight UIInterfaceOrientationPortrait UIInterfaceOrientationPortraitUpsideDown";
				IPHONEOS_DEPLOYMENT_TARGET = 18.0;
				LD_RUNPATH_SEARCH_PATHS = (
					"$(inherited)",
					"@executable_path/Frameworks",
				);
				MARKETING_VERSION = 1.0;
				PRODUCT_BUNDLE_IDENTIFIER = "GE-Developer.Lilith";
				PRODUCT_NAME = "$(TARGET_NAME)";
				SUPPORTED_PLATFORMS = "iphoneos iphonesimulator";
				SUPPORTS_MACCATALYST = NO;
				SUPPORTS_MAC_DESIGNED_FOR_IPHONE_IPAD = NO;
				SUPPORTS_XR_DESIGNED_FOR_IPHONE_IPAD = NO;
				SWIFT_EMIT_LOC_STRINGS = YES;
				SWIFT_VERSION = 6.0;
				TARGETED_DEVICE_FAMILY = 1;
			};
			name = Debug;
		};
		1F4CB6762C7BCB07005BD10C /* Release */ = {
			isa = XCBuildConfiguration;
			buildSettings = {
				ASSETCATALOG_COMPILER_APPICON_NAME = AppIcon;
				ASSETCATALOG_COMPILER_GLOBAL_ACCENT_COLOR_NAME = AccentColor;
				CODE_SIGN_STYLE = Automatic;
				CURRENT_PROJECT_VERSION = 1;
				DEVELOPMENT_ASSET_PATHS = "\"Lilith/Preview Content\"";
				DEVELOPMENT_TEAM = 6DCRFKN8GP;
				ENABLE_PREVIEWS = YES;
				ENABLE_USER_SCRIPT_SANDBOXING = NO;
				GENERATE_INFOPLIST_FILE = YES;
				INFOPLIST_KEY_UIApplicationSceneManifest_Generation = YES;
				INFOPLIST_KEY_UIApplicationSupportsIndirectInputEvents = YES;
				INFOPLIST_KEY_UILaunchScreen_Generation = YES;
				INFOPLIST_KEY_UISupportedInterfaceOrientations = UIInterfaceOrientationPortrait;
				INFOPLIST_KEY_UISupportedInterfaceOrientations_iPad = "UIInterfaceOrientationLandscapeLeft UIInterfaceOrientationLandscapeRight UIInterfaceOrientationPortrait UIInterfaceOrientationPortraitUpsideDown";
				IPHONEOS_DEPLOYMENT_TARGET = 18.0;
				LD_RUNPATH_SEARCH_PATHS = (
					"$(inherited)",
					"@executable_path/Frameworks",
				);
				MARKETING_VERSION = 1.0;
				PRODUCT_BUNDLE_IDENTIFIER = "GE-Developer.Lilith";
				PRODUCT_NAME = "$(TARGET_NAME)";
				SUPPORTED_PLATFORMS = "iphoneos iphonesimulator";
				SUPPORTS_MACCATALYST = NO;
				SUPPORTS_MAC_DESIGNED_FOR_IPHONE_IPAD = NO;
				SUPPORTS_XR_DESIGNED_FOR_IPHONE_IPAD = NO;
				SWIFT_EMIT_LOC_STRINGS = YES;
				SWIFT_VERSION = 6.0;
				TARGETED_DEVICE_FAMILY = 1;
			};
			name = Release;
		};
/* End XCBuildConfiguration section */

/* Begin XCConfigurationList section */
		1F4CB6612C7BCB05005BD10C /* Build configuration list for PBXProject "Lilith" */ = {
			isa = XCConfigurationList;
			buildConfigurations = (
				1F4CB6722C7BCB07005BD10C /* Debug */,
				1F4CB6732C7BCB07005BD10C /* Release */,
			);
			defaultConfigurationIsVisible = 0;
			defaultConfigurationName = Release;
		};
		1F4CB6742C7BCB07005BD10C /* Build configuration list for PBXNativeTarget "Lilith" */ = {
			isa = XCConfigurationList;
			buildConfigurations = (
				1F4CB6752C7BCB07005BD10C /* Debug */,
				1F4CB6762C7BCB07005BD10C /* Release */,
			);
			defaultConfigurationIsVisible = 0;
			defaultConfigurationName = Release;
		};
/* End XCConfigurationList section */
	};
	rootObject = 1F4CB65E2C7BCB05005BD10C /* Project object */;
}
